{
  "requires": true,
  "lockfileVersion": 1,
  "dependencies": {
    "hammerjs": {
      "version": "2.0.8",
      "resolved": "https://registry.npmjs.org/hammerjs/-/hammerjs-2.0.8.tgz",
      "integrity": "sha1-BO93hiz/K7edMPdpIJWTAiK/YPE="
    },
    "muuri": {
      "version": "0.6.3",
      "resolved": "https://registry.npmjs.org/muuri/-/muuri-0.6.3.tgz",
      "integrity": "sha512-7drmoky/iUSvHlay36dSTQmm0TMU+UtLN31YCYdBa3FNTGcQM/aPCM/EnXIJ2WdcQ4wSyKHHLACunaFbNCTKAA==",
      "requires": {
        "hammerjs": "^2.0.0"
      }
    },
    "web-animations-js": {
      "version": "2.3.1",
      "resolved": "https://registry.npmjs.org/web-animations-js/-/web-animations-js-2.3.1.tgz",
      "integrity": "sha1-Om2bwVGWN3qQ+OKAP6UmIWWwRRA="
    }
  }
}
